# THIS IS AN AUTOGENERATED FILE. DO NOT EDIT THIS FILE DIRECTLY.
# yarn lockfile v1


shower-core@^2.1.0:
  version "2.1.0"
  resolved "https://registry.yarnpkg.com/shower-core/-/shower-core-2.1.0.tgz#7327ae3a847a0b0b9612f4ad4c648ff3639ce416"

shower-ribbon@^2.1.0:
  version "2.1.0"
  resolved "https://registry.yarnpkg.com/shower-ribbon/-/shower-ribbon-2.1.0.tgz#4dc565e3288fb2dd9d10bed92c2afa8c29b5bff0"
